// !$*UTF8*$!
{
	archiveVersion = 1;
	classes = {
	};
	objectVersion = 54;
	objects = {

/* Begin PBXBuildFile section */
		00DF8C4D0B54869903ADDBE5 /* main.swift in Sources */ = {isa = PBXBuildFile; fileRef = 711160B8C16D16E95C7B3A2F /* main.swift */; };
		02DCC70751A3FA833495D39F /* BudgetView.swift in Sources */ = {isa = PBXBuildFile; fileRef = 326830CC7827278F9CAE4744 /* BudgetView.swift */; };
		06CA6924229B4E65F2C727F3 /* DuplicateDetector.swift in Sources */ = {isa = PBXBuildFile; fileRef = 7FE6EFDA2BB4C70F2EC5914E /* DuplicateDetector.swift */; };
		0A6BE53CCF7ADBA0B9A13533 /* HouseholdService.swift in Sources */ = {isa = PBXBuildFile; fileRef = 5B59DBBC87A4277D369F9A6D /* HouseholdService.swift */; };
		0CAA19246C71196E86C5D535 /* iCloudSyncManager.swift in Sources */ = {isa = PBXBuildFile; fileRef = EE1F2CAACA40C0CCEEC989F4 /* iCloudSyncManager.swift */; };
		0CB0D3992C17A95903199332 /* YearMonth.swift in Sources */ = {isa = PBXBuildFile; fileRef = ADA52BF6C5CF51D1E9366C32 /* YearMonth.swift */; };
		0EBDF1681C8A84E063F2999A /* PrivacyInfo.xcprivacy in Resources */ = {isa = PBXBuildFile; fileRef = D45E31511A397CB0984E4BB1 /* PrivacyInfo.xcprivacy */; };
		1862EE300041DADD8039AFEF /* Team.swift in Sources */ = {isa = PBXBuildFile; fileRef = 6812515AE26BACB902DD7178 /* Team.swift */; };
		1C355E095D4AB9D8D1288684 /* ChronicleApp.swift in Sources */ = {isa = PBXBuildFile; fileRef = 7402FC2D13E0C57F4B6B59DF /* ChronicleApp.swift */; };
		1E72237D30D5C813395869C4 /* AppIconView.swift in Sources */ = {isa = PBXBuildFile; fileRef = FC7B10996FCFA28B1CC6FE29 /* AppIconView.swift */; };
		1FB9E4C3402F0563E22953E2 /* Bill.swift in Sources */ = {isa = PBXBuildFile; fileRef = 010584A744B87C0D76BAF34C /* Bill.swift */; };
		23FFC883170F2CBBD2B306FB /* TemplatesView.swift in Sources */ = {isa = PBXBuildFile; fileRef = 3B4FCCE36AD2ED8D39E3A56F /* TemplatesView.swift */; };
		2624197315802638F28506D2 /* TemplateService.swift in Sources */ = {isa = PBXBuildFile; fileRef = 5B58E6F5DA35EAB9E56CB705 /* TemplateService.swift */; };
		2B15BCAD167F6AE3FDFC488E /* Household.swift in Sources */ = {isa = PBXBuildFile; fileRef = 055165A1C123DDC90AF47CD9 /* Household.swift */; };
		320576ACA2F63671CB41105D /* SubscriptionManager.swift in Sources */ = {isa = PBXBuildFile; fileRef = F2310C4D0A4211A6C43CC467 /* SubscriptionManager.swift */; };
		4BAB5ADA7EDA3B622C3EEA5E /* BusinessService.swift in Sources */ = {isa = PBXBuildFile; fileRef = C968C21BC0E4F53AF622D865 /* BusinessService.swift */; };
		4D5307EDB718CB025AE8F36F /* APIService.swift in Sources */ = {isa = PBXBuildFile; fileRef = 21A7019ED895E8D2A90FCDF0 /* APIService.swift */; };
		530ECF4C172C5AB63633EA40 /* NotificationScheduler.swift in Sources */ = {isa = PBXBuildFile; fileRef = 34492C3DF74099F89EBDC232 /* NotificationScheduler.swift */; };
		5365C689A7C1BDCBD17C2265 /* AnalyticsView.swift in Sources */ = {isa = PBXBuildFile; fileRef = 4A702C7340372E907FA8D658 /* AnalyticsView.swift */; };
		57EEC6DA81BA26C69E9CDD24 /* ImportExportView.swift in Sources */ = {isa = PBXBuildFile; fileRef = B3BB7091737C20A247D738FE /* ImportExportView.swift */; };
		5F1788601B33E55EBF7E29B4 /* ExportService.swift in Sources */ = {isa = PBXBuildFile; fileRef = 6F8E9ED8293D64EB3B0FF4CE /* ExportService.swift */; };
		61FCF25D550910919A917DF0 /* AddBillSheet.swift in Sources */ = {isa = PBXBuildFile; fileRef = 6420745CA44BCEB45A2BE5E7 /* AddBillSheet.swift */; };
		666365061234DEB80713515F /* HistoryView.swift in Sources */ = {isa = PBXBuildFile; fileRef = 64A93815CDE197FADCBF58BB /* HistoryView.swift */; };
		6FB060FE480769F4FB15DCDE /* ExchangeRateService.swift in Sources */ = {isa = PBXBuildFile; fileRef = 3D23ED800DAC1B3D8CE5A0A9 /* ExchangeRateService.swift */; };
		7069DFFFA1AE80C1BD13B8C3 /* Budget.swift in Sources */ = {isa = PBXBuildFile; fileRef = 2C9C10F679571983C9EC78C7 /* Budget.swift */; };
		7788134DCB1B68BFA6BB60AC /* AIInsightsService.swift in Sources */ = {isa = PBXBuildFile; fileRef = FC8B8EE689291D4150502293 /* AIInsightsService.swift */; };
		88DD80491D9CA3B8E617C3F1 /* APIServerView.swift in Sources */ = {isa = PBXBuildFile; fileRef = B31C6279655F763D956285CC /* APIServerView.swift */; };
		8C4FD14BD921F2F06988232A /* SubscriptionTier.swift in Sources */ = {isa = PBXBuildFile; fileRef = 4703964B35A2FA6CD82E068F /* SubscriptionTier.swift */; };
		98DC06937B2D6FDA4C7BC802 /* ShareView.swift in Sources */ = {isa = PBXBuildFile; fileRef = 91342124452FB09F9E03DCC5 /* ShareView.swift */; };
		A562EE2265EF4594FD789926 /* PlatformExpansionService.swift in Sources */ = {isa = PBXBuildFile; fileRef = 1AFEDAD7C16FC597942794D1 /* PlatformExpansionService.swift */; };
		A5DC182753667D4195B33F64 /* BillListView.swift in Sources */ = {isa = PBXBuildFile; fileRef = CC6E547AACCF1F8B5A15EA10 /* BillListView.swift */; };
		AB73FA3B86B2E81B82A8F011 /* PrivacyService.swift in Sources */ = {isa = PBXBuildFile; fileRef = D867CBCCDA334646347760CC /* PrivacyService.swift */; };
		B2C6676C4277918077802FAC /* HouseholdView.swift in Sources */ = {isa = PBXBuildFile; fileRef = 6644F5BC6805A4EE7E9FEAED /* HouseholdView.swift */; };
		B3235E3F707D79955C5CEE4A /* BusinessView.swift in Sources */ = {isa = PBXBuildFile; fileRef = 313C107C411DCE94BDDE84F4 /* BusinessView.swift */; };
		B3628BE4BCD4E49970E6AEF2 /* ShareService.swift in Sources */ = {isa = PBXBuildFile; fileRef = 8FF77EB48B31CA1189E2222E /* ShareService.swift */; };
		B3C56EB5050CAA1249C99854 /* AuditLogService.swift in Sources */ = {isa = PBXBuildFile; fileRef = CA645E7B2DF2A104A62C052F /* AuditLogService.swift */; };
		C180F41E2B700951C2D95AC3 /* CategorizationEngine.swift in Sources */ = {isa = PBXBuildFile; fileRef = 095FE1109841555CC1CAEFDF /* CategorizationEngine.swift */; };
		C353569C8D598BEEF2427D68 /* TeamService.swift in Sources */ = {isa = PBXBuildFile; fileRef = 670941E9510F62C3351B0EEB /* TeamService.swift */; };
		C43E320379DBC07984826840 /* SQLite in Frameworks */ = {isa = PBXBuildFile; productRef = 12728690ECED0F3634019379 /* SQLite */; };
		C71F261B53152E557222CCAA /* BillTemplate.swift in Sources */ = {isa = PBXBuildFile; fileRef = 170EC9206C6E4962BA34DB74 /* BillTemplate.swift */; };
		C9E4D5A6DEC685B4AE002F31 /* CSVImportService.swift in Sources */ = {isa = PBXBuildFile; fileRef = B05C5F47DFF873B52C0F0349 /* CSVImportService.swift */; };
		CC9DE3500293D58E7A980D57 /* InsightsGenerator.swift in Sources */ = {isa = PBXBuildFile; fileRef = F897D66648A68A31D19D4750 /* InsightsGenerator.swift */; };
		CCD59614274D4C6996A1AA55 /* BillStore.swift in Sources */ = {isa = PBXBuildFile; fileRef = 1E9CA238E99BE3CBAEBA70B5 /* BillStore.swift */; };
		D656609B74141CE8B9D0A7F5 /* Assets.xcassets in Resources */ = {isa = PBXBuildFile; fileRef = BCD415074FFD7AFFF8CDD10A /* Assets.xcassets */; };
		D972D635A0221634CC6DC9CF /* DatabaseService.swift in Sources */ = {isa = PBXBuildFile; fileRef = CC8B62D8823FC99D51FEC37F /* DatabaseService.swift */; };
		DCB0AAB3A025CC6B08C085D3 /* AnalyticsViewModel.swift in Sources */ = {isa = PBXBuildFile; fileRef = DCCC8828CCA8131A33F06E08 /* AnalyticsViewModel.swift */; };
		E55EC816AD0AFB433A9BDD9B /* AppIntents.swift in Sources */ = {isa = PBXBuildFile; fileRef = 50FF1A53B2AB62D7CC290BF8 /* AppIntents.swift */; };
		EAD58D22DE394BED6DBAD32E /* Business.swift in Sources */ = {isa = PBXBuildFile; fileRef = D70AF3152ABB26286542EF9A /* Business.swift */; };
		EFA45B887A07C16928A55F53 /* MainTabView.swift in Sources */ = {isa = PBXBuildFile; fileRef = 5246250499B2D3CCC2F4D3CD /* MainTabView.swift */; };
		F2138F5BD00D03420B21A396 /* ContentView.swift in Sources */ = {isa = PBXBuildFile; fileRef = 17E886527619ABE419071F7F /* ContentView.swift */; };
		F81A567935E2D43E483EBBCB /* BudgetService.swift in Sources */ = {isa = PBXBuildFile; fileRef = 4C01605D129DE2E5D73DBEB9 /* BudgetService.swift */; };
		F9FD6E67C5B180EC705DD441 /* OverviewView.swift in Sources */ = {isa = PBXBuildFile; fileRef = FC7DEFC9FDD182D19A6F9B80 /* OverviewView.swift */; };
		FC46E845F4F413745F254059 /* Theme.swift in Sources */ = {isa = PBXBuildFile; fileRef = 26F7ECEA259D53CB979FA683 /* Theme.swift */; };
/* End PBXBuildFile section */

/* Begin PBXFileReference section */
		010584A744B87C0D76BAF34C /* Bill.swift */ = {isa = PBXFileReference; lastKnownFileType = sourcecode.swift; path = Bill.swift; sourceTree = "<group>"; };
		055165A1C123DDC90AF47CD9 /* Household.swift */ = {isa = PBXFileReference; lastKnownFileType = sourcecode.swift; path = Household.swift; sourceTree = "<group>"; };
		095FE1109841555CC1CAEFDF /* CategorizationEngine.swift */ = {isa = PBXFileReference; lastKnownFileType = sourcecode.swift; path = CategorizationEngine.swift; sourceTree = "<group>"; };
		14021C37CEB6C6AA4005F91C /* Chronicle.entitlements */ = {isa = PBXFileReference; lastKnownFileType = text.plist.entitlements; path = Chronicle.entitlements; sourceTree = "<group>"; };
		170EC9206C6E4962BA34DB74 /* BillTemplate.swift */ = {isa = PBXFileReference; lastKnownFileType = sourcecode.swift; path = BillTemplate.swift; sourceTree = "<group>"; };
		17E886527619ABE419071F7F /* ContentView.swift */ = {isa = PBXFileReference; lastKnownFileType = sourcecode.swift; path = ContentView.swift; sourceTree = "<group>"; };
		1AFEDAD7C16FC597942794D1 /* PlatformExpansionService.swift */ = {isa = PBXFileReference; lastKnownFileType = sourcecode.swift; path = PlatformExpansionService.swift; sourceTree = "<group>"; };
		1E9CA238E99BE3CBAEBA70B5 /* BillStore.swift */ = {isa = PBXFileReference; lastKnownFileType = sourcecode.swift; path = BillStore.swift; sourceTree = "<group>"; };
		21A7019ED895E8D2A90FCDF0 /* APIService.swift */ = {isa = PBXFileReference; lastKnownFileType = sourcecode.swift; path = APIService.swift; sourceTree = "<group>"; };
		26F7ECEA259D53CB979FA683 /* Theme.swift */ = {isa = PBXFileReference; lastKnownFileType = sourcecode.swift; path = Theme.swift; sourceTree = "<group>"; };
		2C9C10F679571983C9EC78C7 /* Budget.swift */ = {isa = PBXFileReference; lastKnownFileType = sourcecode.swift; path = Budget.swift; sourceTree = "<group>"; };
		313C107C411DCE94BDDE84F4 /* BusinessView.swift */ = {isa = PBXFileReference; lastKnownFileType = sourcecode.swift; path = BusinessView.swift; sourceTree = "<group>"; };
		326830CC7827278F9CAE4744 /* BudgetView.swift */ = {isa = PBXFileReference; lastKnownFileType = sourcecode.swift; path = BudgetView.swift; sourceTree = "<group>"; };
		34492C3DF74099F89EBDC232 /* NotificationScheduler.swift */ = {isa = PBXFileReference; lastKnownFileType = sourcecode.swift; path = NotificationScheduler.swift; sourceTree = "<group>"; };
		3B4FCCE36AD2ED8D39E3A56F /* TemplatesView.swift */ = {isa = PBXFileReference; lastKnownFileType = sourcecode.swift; path = TemplatesView.swift; sourceTree = "<group>"; };
		3D23ED800DAC1B3D8CE5A0A9 /* ExchangeRateService.swift */ = {isa = PBXFileReference; lastKnownFileType = sourcecode.swift; path = ExchangeRateService.swift; sourceTree = "<group>"; };
		4703964B35A2FA6CD82E068F /* SubscriptionTier.swift */ = {isa = PBXFileReference; lastKnownFileType = sourcecode.swift; path = SubscriptionTier.swift; sourceTree = "<group>"; };
		4A702C7340372E907FA8D658 /* AnalyticsView.swift */ = {isa = PBXFileReference; lastKnownFileType = sourcecode.swift; path = AnalyticsView.swift; sourceTree = "<group>"; };
		4C01605D129DE2E5D73DBEB9 /* BudgetService.swift */ = {isa = PBXFileReference; lastKnownFileType = sourcecode.swift; path = BudgetService.swift; sourceTree = "<group>"; };
		50FF1A53B2AB62D7CC290BF8 /* AppIntents.swift */ = {isa = PBXFileReference; lastKnownFileType = sourcecode.swift; path = AppIntents.swift; sourceTree = "<group>"; };
		5246250499B2D3CCC2F4D3CD /* MainTabView.swift */ = {isa = PBXFileReference; lastKnownFileType = sourcecode.swift; path = MainTabView.swift; sourceTree = "<group>"; };
		52B8AFD3830B8788DA4E0BCF /* Chronicle.app */ = {isa = PBXFileReference; explicitFileType = wrapper.application; includeInIndex = 0; path = Chronicle.app; sourceTree = BUILT_PRODUCTS_DIR; };
		5B58E6F5DA35EAB9E56CB705 /* TemplateService.swift */ = {isa = PBXFileReference; lastKnownFileType = sourcecode.swift; path = TemplateService.swift; sourceTree = "<group>"; };
		5B59DBBC87A4277D369F9A6D /* HouseholdService.swift */ = {isa = PBXFileReference; lastKnownFileType = sourcecode.swift; path = HouseholdService.swift; sourceTree = "<group>"; };
		6420745CA44BCEB45A2BE5E7 /* AddBillSheet.swift */ = {isa = PBXFileReference; lastKnownFileType = sourcecode.swift; path = AddBillSheet.swift; sourceTree = "<group>"; };
		64A93815CDE197FADCBF58BB /* HistoryView.swift */ = {isa = PBXFileReference; lastKnownFileType = sourcecode.swift; path = HistoryView.swift; sourceTree = "<group>"; };
		6644F5BC6805A4EE7E9FEAED /* HouseholdView.swift */ = {isa = PBXFileReference; lastKnownFileType = sourcecode.swift; path = HouseholdView.swift; sourceTree = "<group>"; };
		670941E9510F62C3351B0EEB /* TeamService.swift */ = {isa = PBXFileReference; lastKnownFileType = sourcecode.swift; path = TeamService.swift; sourceTree = "<group>"; };
		6812515AE26BACB902DD7178 /* Team.swift */ = {isa = PBXFileReference; lastKnownFileType = sourcecode.swift; path = Team.swift; sourceTree = "<group>"; };
		6F8E9ED8293D64EB3B0FF4CE /* ExportService.swift */ = {isa = PBXFileReference; lastKnownFileType = sourcecode.swift; path = ExportService.swift; sourceTree = "<group>"; };
		711160B8C16D16E95C7B3A2F /* main.swift */ = {isa = PBXFileReference; lastKnownFileType = sourcecode.swift; path = main.swift; sourceTree = "<group>"; };
		7402FC2D13E0C57F4B6B59DF /* ChronicleApp.swift */ = {isa = PBXFileReference; lastKnownFileType = sourcecode.swift; path = ChronicleApp.swift; sourceTree = "<group>"; };
		7FE6EFDA2BB4C70F2EC5914E /* DuplicateDetector.swift */ = {isa = PBXFileReference; lastKnownFileType = sourcecode.swift; path = DuplicateDetector.swift; sourceTree = "<group>"; };
		8E60BE2909D224FA810173A1 /* Info.plist */ = {isa = PBXFileReference; lastKnownFileType = text.plist; path = Info.plist; sourceTree = "<group>"; };
		8FF77EB48B31CA1189E2222E /* ShareService.swift */ = {isa = PBXFileReference; lastKnownFileType = sourcecode.swift; path = ShareService.swift; sourceTree = "<group>"; };
		91342124452FB09F9E03DCC5 /* ShareView.swift */ = {isa = PBXFileReference; lastKnownFileType = sourcecode.swift; path = ShareView.swift; sourceTree = "<group>"; };
		ADA52BF6C5CF51D1E9366C32 /* YearMonth.swift */ = {isa = PBXFileReference; lastKnownFileType = sourcecode.swift; path = YearMonth.swift; sourceTree = "<group>"; };
		B05C5F47DFF873B52C0F0349 /* CSVImportService.swift */ = {isa = PBXFileReference; lastKnownFileType = sourcecode.swift; path = CSVImportService.swift; sourceTree = "<group>"; };
		B31C6279655F763D956285CC /* APIServerView.swift */ = {isa = PBXFileReference; lastKnownFileType = sourcecode.swift; path = APIServerView.swift; sourceTree = "<group>"; };
		B3BB7091737C20A247D738FE /* ImportExportView.swift */ = {isa = PBXFileReference; lastKnownFileType = sourcecode.swift; path = ImportExportView.swift; sourceTree = "<group>"; };
		BCD415074FFD7AFFF8CDD10A /* Assets.xcassets */ = {isa = PBXFileReference; lastKnownFileType = folder.assetcatalog; path = Assets.xcassets; sourceTree = "<group>"; };
		C968C21BC0E4F53AF622D865 /* BusinessService.swift */ = {isa = PBXFileReference; lastKnownFileType = sourcecode.swift; path = BusinessService.swift; sourceTree = "<group>"; };
		CA645E7B2DF2A104A62C052F /* AuditLogService.swift */ = {isa = PBXFileReference; lastKnownFileType = sourcecode.swift; path = AuditLogService.swift; sourceTree = "<group>"; };
		CC6E547AACCF1F8B5A15EA10 /* BillListView.swift */ = {isa = PBXFileReference; lastKnownFileType = sourcecode.swift; path = BillListView.swift; sourceTree = "<group>"; };
		CC8B62D8823FC99D51FEC37F /* DatabaseService.swift */ = {isa = PBXFileReference; lastKnownFileType = sourcecode.swift; path = DatabaseService.swift; sourceTree = "<group>"; };
		D45E31511A397CB0984E4BB1 /* PrivacyInfo.xcprivacy */ = {isa = PBXFileReference; path = PrivacyInfo.xcprivacy; sourceTree = "<group>"; };
		D70AF3152ABB26286542EF9A /* Business.swift */ = {isa = PBXFileReference; lastKnownFileType = sourcecode.swift; path = Business.swift; sourceTree = "<group>"; };
		D867CBCCDA334646347760CC /* PrivacyService.swift */ = {isa = PBXFileReference; lastKnownFileType = sourcecode.swift; path = PrivacyService.swift; sourceTree = "<group>"; };
		DCCC8828CCA8131A33F06E08 /* AnalyticsViewModel.swift */ = {isa = PBXFileReference; lastKnownFileType = sourcecode.swift; path = AnalyticsViewModel.swift; sourceTree = "<group>"; };
		EE1F2CAACA40C0CCEEC989F4 /* iCloudSyncManager.swift */ = {isa = PBXFileReference; lastKnownFileType = sourcecode.swift; path = iCloudSyncManager.swift; sourceTree = "<group>"; };
		F2310C4D0A4211A6C43CC467 /* SubscriptionManager.swift */ = {isa = PBXFileReference; lastKnownFileType = sourcecode.swift; path = SubscriptionManager.swift; sourceTree = "<group>"; };
		F897D66648A68A31D19D4750 /* InsightsGenerator.swift */ = {isa = PBXFileReference; lastKnownFileType = sourcecode.swift; path = InsightsGenerator.swift; sourceTree = "<group>"; };
		FC7B10996FCFA28B1CC6FE29 /* AppIconView.swift */ = {isa = PBXFileReference; lastKnownFileType = sourcecode.swift; path = AppIconView.swift; sourceTree = "<group>"; };
		FC7DEFC9FDD182D19A6F9B80 /* OverviewView.swift */ = {isa = PBXFileReference; lastKnownFileType = sourcecode.swift; path = OverviewView.swift; sourceTree = "<group>"; };
		FC8B8EE689291D4150502293 /* AIInsightsService.swift */ = {isa = PBXFileReference; lastKnownFileType = sourcecode.swift; path = AIInsightsService.swift; sourceTree = "<group>"; };
/* End PBXFileReference section */

/* Begin PBXFrameworksBuildPhase section */
		FC925C626D2D8E3554E845E9 /* Frameworks */ = {
			isa = PBXFrameworksBuildPhase;
			buildActionMask = 2147483647;
			files = (
				C43E320379DBC07984826840 /* SQLite in Frameworks */,
			);
			runOnlyForDeploymentPostprocessing = 0;
		};
/* End PBXFrameworksBuildPhase section */

/* Begin PBXGroup section */
		1F95D81AA1EB1ABC3081C812 /* ViewModels */ = {
			isa = PBXGroup;
			children = (
				DCCC8828CCA8131A33F06E08 /* AnalyticsViewModel.swift */,
			);
			path = ViewModels;
			sourceTree = "<group>";
		};
		2643B96B9AF0F27D2445300E /* Services */ = {
			isa = PBXGroup;
			children = (
				FC8B8EE689291D4150502293 /* AIInsightsService.swift */,
				21A7019ED895E8D2A90FCDF0 /* APIService.swift */,
				CA645E7B2DF2A104A62C052F /* AuditLogService.swift */,
				1E9CA238E99BE3CBAEBA70B5 /* BillStore.swift */,
				4C01605D129DE2E5D73DBEB9 /* BudgetService.swift */,
				C968C21BC0E4F53AF622D865 /* BusinessService.swift */,
				B05C5F47DFF873B52C0F0349 /* CSVImportService.swift */,
				CC8B62D8823FC99D51FEC37F /* DatabaseService.swift */,
				3D23ED800DAC1B3D8CE5A0A9 /* ExchangeRateService.swift */,
				6F8E9ED8293D64EB3B0FF4CE /* ExportService.swift */,
				5B59DBBC87A4277D369F9A6D /* HouseholdService.swift */,
				EE1F2CAACA40C0CCEEC989F4 /* iCloudSyncManager.swift */,
				34492C3DF74099F89EBDC232 /* NotificationScheduler.swift */,
				1AFEDAD7C16FC597942794D1 /* PlatformExpansionService.swift */,
				D867CBCCDA334646347760CC /* PrivacyService.swift */,
				8FF77EB48B31CA1189E2222E /* ShareService.swift */,
				F2310C4D0A4211A6C43CC467 /* SubscriptionManager.swift */,
				670941E9510F62C3351B0EEB /* TeamService.swift */,
				5B58E6F5DA35EAB9E56CB705 /* TemplateService.swift */,
			);
			path = Services;
			sourceTree = "<group>";
		};
		31597D6AE40AE79EE11542E0 /* AI */ = {
			isa = PBXGroup;
			children = (
				095FE1109841555CC1CAEFDF /* CategorizationEngine.swift */,
				7FE6EFDA2BB4C70F2EC5914E /* DuplicateDetector.swift */,
				F897D66648A68A31D19D4750 /* InsightsGenerator.swift */,
			);
			path = AI;
			sourceTree = "<group>";
		};
		41428680DDF240E2D9CB8C4A /* Chronicle */ = {
			isa = PBXGroup;
			children = (
				BCD415074FFD7AFFF8CDD10A /* Assets.xcassets */,
				14021C37CEB6C6AA4005F91C /* Chronicle.entitlements */,
				8E60BE2909D224FA810173A1 /* Info.plist */,
				D45E31511A397CB0984E4BB1 /* PrivacyInfo.xcprivacy */,
				31597D6AE40AE79EE11542E0 /* AI */,
				99C683ACFD684DB66A81A268 /* App */,
				F451426EFF9E56E35A144635 /* Intents */,
				6D3BD6F4AF73591CE3722B1F /* Models */,
				2643B96B9AF0F27D2445300E /* Services */,
				68E0C20B3DA115DD151E7F61 /* Utilities */,
				1F95D81AA1EB1ABC3081C812 /* ViewModels */,
				5ED80C2B716211C0393734D8 /* Views */,
			);
			path = Chronicle;
			sourceTree = "<group>";
		};
		50990BF7E9F1B73EC0DCD24D /* Products */ = {
			isa = PBXGroup;
			children = (
				52B8AFD3830B8788DA4E0BCF /* Chronicle.app */,
			);
			name = Products;
			sourceTree = "<group>";
		};
		5ED80C2B716211C0393734D8 /* Views */ = {
			isa = PBXGroup;
			children = (
				6420745CA44BCEB45A2BE5E7 /* AddBillSheet.swift */,
				4A702C7340372E907FA8D658 /* AnalyticsView.swift */,
				B31C6279655F763D956285CC /* APIServerView.swift */,
				FC7B10996FCFA28B1CC6FE29 /* AppIconView.swift */,
				CC6E547AACCF1F8B5A15EA10 /* BillListView.swift */,
				326830CC7827278F9CAE4744 /* BudgetView.swift */,
				313C107C411DCE94BDDE84F4 /* BusinessView.swift */,
				17E886527619ABE419071F7F /* ContentView.swift */,
				64A93815CDE197FADCBF58BB /* HistoryView.swift */,
				6644F5BC6805A4EE7E9FEAED /* HouseholdView.swift */,
				B3BB7091737C20A247D738FE /* ImportExportView.swift */,
				5246250499B2D3CCC2F4D3CD /* MainTabView.swift */,
				FC7DEFC9FDD182D19A6F9B80 /* OverviewView.swift */,
				91342124452FB09F9E03DCC5 /* ShareView.swift */,
				3B4FCCE36AD2ED8D39E3A56F /* TemplatesView.swift */,
			);
			path = Views;
			sourceTree = "<group>";
		};
		68E0C20B3DA115DD151E7F61 /* Utilities */ = {
			isa = PBXGroup;
			children = (
				26F7ECEA259D53CB979FA683 /* Theme.swift */,
			);
			path = Utilities;
			sourceTree = "<group>";
		};
		6D3BD6F4AF73591CE3722B1F /* Models */ = {
			isa = PBXGroup;
			children = (
				010584A744B87C0D76BAF34C /* Bill.swift */,
				170EC9206C6E4962BA34DB74 /* BillTemplate.swift */,
				2C9C10F679571983C9EC78C7 /* Budget.swift */,
				D70AF3152ABB26286542EF9A /* Business.swift */,
				055165A1C123DDC90AF47CD9 /* Household.swift */,
				4703964B35A2FA6CD82E068F /* SubscriptionTier.swift */,
				6812515AE26BACB902DD7178 /* Team.swift */,
				ADA52BF6C5CF51D1E9366C32 /* YearMonth.swift */,
			);
			path = Models;
			sourceTree = "<group>";
		};
		99C683ACFD684DB66A81A268 /* App */ = {
			isa = PBXGroup;
			children = (
				7402FC2D13E0C57F4B6B59DF /* ChronicleApp.swift */,
				711160B8C16D16E95C7B3A2F /* main.swift */,
			);
			path = App;
			sourceTree = "<group>";
		};
		AE56D45C8328FE7E5658B01B = {
			isa = PBXGroup;
			children = (
				41428680DDF240E2D9CB8C4A /* Chronicle */,
				50990BF7E9F1B73EC0DCD24D /* Products */,
			);
			sourceTree = "<group>";
		};
		F451426EFF9E56E35A144635 /* Intents */ = {
			isa = PBXGroup;
			children = (
				50FF1A53B2AB62D7CC290BF8 /* AppIntents.swift */,
			);
			path = Intents;
			sourceTree = "<group>";
		};
/* End PBXGroup section */

/* Begin PBXNativeTarget section */
		FC064724D5EDA918DD477092 /* Chronicle */ = {
			isa = PBXNativeTarget;
			buildConfigurationList = EF1FB7537C1C33931B3B7AC8 /* Build configuration list for PBXNativeTarget "Chronicle" */;
			buildPhases = (
				F1293B4F39803351D001064C /* Sources */,
				60B675C0C0B2272958B9F11A /* Resources */,
				FC925C626D2D8E3554E845E9 /* Frameworks */,
			);
			buildRules = (
			);
			dependencies = (
			);
			name = Chronicle;
			packageProductDependencies = (
				12728690ECED0F3634019379 /* SQLite */,
			);
			productName = Chronicle;
			productReference = 52B8AFD3830B8788DA4E0BCF /* Chronicle.app */;
			productType = "com.apple.product-type.application";
		};
/* End PBXNativeTarget section */

/* Begin PBXProject section */
		54813E9B82975F6CF5A2AE55 /* Project object */ = {
			isa = PBXProject;
			attributes = {
				BuildIndependentTargetsInParallel = YES;
				LastUpgradeCheck = 1500;
				TargetAttributes = {
					FC064724D5EDA918DD477092 = {
						ProvisioningStyle = Manual;
					};
				};
			};
			buildConfigurationList = EA0659AF456C2C634A2EE55C /* Build configuration list for PBXProject "Chronicle" */;
			compatibilityVersion = "Xcode 14.0";
			developmentRegion = en;
			hasScannedForEncodings = 0;
			knownRegions = (
				Base,
				en,
			);
			mainGroup = AE56D45C8328FE7E5658B01B;
			packageReferences = (
				040D78E2F2C7CC30C035C5B5 /* XCRemoteSwiftPackageReference "SQLite.swift" */,
			);
			projectDirPath = "";
			projectRoot = "";
			targets = (
				FC064724D5EDA918DD477092 /* Chronicle */,
			);
		};
/* End PBXProject section */

/* Begin PBXResourcesBuildPhase section */
		60B675C0C0B2272958B9F11A /* Resources */ = {
			isa = PBXResourcesBuildPhase;
			buildActionMask = 2147483647;
			files = (
				D656609B74141CE8B9D0A7F5 /* Assets.xcassets in Resources */,
				0EBDF1681C8A84E063F2999A /* PrivacyInfo.xcprivacy in Resources */,
			);
			runOnlyForDeploymentPostprocessing = 0;
		};
/* End PBXResourcesBuildPhase section */

/* Begin PBXSourcesBuildPhase section */
		F1293B4F39803351D001064C /* Sources */ = {
			isa = PBXSourcesBuildPhase;
			buildActionMask = 2147483647;
			files = (
				7788134DCB1B68BFA6BB60AC /* AIInsightsService.swift in Sources */,
				88DD80491D9CA3B8E617C3F1 /* APIServerView.swift in Sources */,
				4D5307EDB718CB025AE8F36F /* APIService.swift in Sources */,
				61FCF25D550910919A917DF0 /* AddBillSheet.swift in Sources */,
				5365C689A7C1BDCBD17C2265 /* AnalyticsView.swift in Sources */,
				DCB0AAB3A025CC6B08C085D3 /* AnalyticsViewModel.swift in Sources */,
				1E72237D30D5C813395869C4 /* AppIconView.swift in Sources */,
				E55EC816AD0AFB433A9BDD9B /* AppIntents.swift in Sources */,
				B3C56EB5050CAA1249C99854 /* AuditLogService.swift in Sources */,
				1FB9E4C3402F0563E22953E2 /* Bill.swift in Sources */,
				A5DC182753667D4195B33F64 /* BillListView.swift in Sources */,
				CCD59614274D4C6996A1AA55 /* BillStore.swift in Sources */,
				C71F261B53152E557222CCAA /* BillTemplate.swift in Sources */,
				7069DFFFA1AE80C1BD13B8C3 /* Budget.swift in Sources */,
				F81A567935E2D43E483EBBCB /* BudgetService.swift in Sources */,
				02DCC70751A3FA833495D39F /* BudgetView.swift in Sources */,
				EAD58D22DE394BED6DBAD32E /* Business.swift in Sources */,
				4BAB5ADA7EDA3B622C3EEA5E /* BusinessService.swift in Sources */,
				B3235E3F707D79955C5CEE4A /* BusinessView.swift in Sources */,
				C9E4D5A6DEC685B4AE002F31 /* CSVImportService.swift in Sources */,
				C180F41E2B700951C2D95AC3 /* CategorizationEngine.swift in Sources */,
				1C355E095D4AB9D8D1288684 /* ChronicleApp.swift in Sources */,
				F2138F5BD00D03420B21A396 /* ContentView.swift in Sources */,
				D972D635A0221634CC6DC9CF /* DatabaseService.swift in Sources */,
				06CA6924229B4E65F2C727F3 /* DuplicateDetector.swift in Sources */,
				6FB060FE480769F4FB15DCDE /* ExchangeRateService.swift in Sources */,
				5F1788601B33E55EBF7E29B4 /* ExportService.swift in Sources */,
				666365061234DEB80713515F /* HistoryView.swift in Sources */,
				2B15BCAD167F6AE3FDFC488E /* Household.swift in Sources */,
				0A6BE53CCF7ADBA0B9A13533 /* HouseholdService.swift in Sources */,
				B2C6676C4277918077802FAC /* HouseholdView.swift in Sources */,
				57EEC6DA81BA26C69E9CDD24 /* ImportExportView.swift in Sources */,
				CC9DE3500293D58E7A980D57 /* InsightsGenerator.swift in Sources */,
				EFA45B887A07C16928A55F53 /* MainTabView.swift in Sources */,
				530ECF4C172C5AB63633EA40 /* NotificationScheduler.swift in Sources */,
				F9FD6E67C5B180EC705DD441 /* OverviewView.swift in Sources */,
				A562EE2265EF4594FD789926 /* PlatformExpansionService.swift in Sources */,
				AB73FA3B86B2E81B82A8F011 /* PrivacyService.swift in Sources */,
				B3628BE4BCD4E49970E6AEF2 /* ShareService.swift in Sources */,
				98DC06937B2D6FDA4C7BC802 /* ShareView.swift in Sources */,
				320576ACA2F63671CB41105D /* SubscriptionManager.swift in Sources */,
				8C4FD14BD921F2F06988232A /* SubscriptionTier.swift in Sources */,
				1862EE300041DADD8039AFEF /* Team.swift in Sources */,
				C353569C8D598BEEF2427D68 /* TeamService.swift in Sources */,
				2624197315802638F28506D2 /* TemplateService.swift in Sources */,
				23FFC883170F2CBBD2B306FB /* TemplatesView.swift in Sources */,
				FC46E845F4F413745F254059 /* Theme.swift in Sources */,
				0CB0D3992C17A95903199332 /* YearMonth.swift in Sources */,
				0CAA19246C71196E86C5D535 /* iCloudSyncManager.swift in Sources */,
				00DF8C4D0B54869903ADDBE5 /* main.swift in Sources */,
			);
			runOnlyForDeploymentPostprocessing = 0;
		};
/* End PBXSourcesBuildPhase section */

/* Begin XCBuildConfiguration section */
		05E442B95FE242B19F180AE0 /* Debug */ = {
			isa = XCBuildConfiguration;
			buildSettings = {
				ALWAYS_SEARCH_USER_PATHS = NO;
				CLANG_ANALYZER_NONNULL = YES;
				CLANG_ANALYZER_NUMBER_OBJECT_CONVERSION = YES_AGGRESSIVE;
				CLANG_CXX_LANGUAGE_STANDARD = "gnu++14";
				CLANG_CXX_LIBRARY = "libc++";
				CLANG_ENABLE_MODULES = YES;
				CLANG_ENABLE_OBJC_ARC = YES;
				CLANG_ENABLE_OBJC_WEAK = YES;
				CLANG_WARN_BLOCK_CAPTURE_AUTORELEASING = YES;
				CLANG_WARN_BOOL_CONVERSION = YES;
				CLANG_WARN_COMMA = YES;
				CLANG_WARN_CONSTANT_CONVERSION = YES;
				CLANG_WARN_DEPRECATED_OBJC_IMPLEMENTATIONS = YES;
				CLANG_WARN_DIRECT_OBJC_ISA_USAGE = YES_ERROR;
				CLANG_WARN_DOCUMENTATION_COMMENTS = YES;
				CLANG_WARN_EMPTY_BODY = YES;
				CLANG_WARN_ENUM_CONVERSION = YES;
				CLANG_WARN_INFINITE_RECURSION = YES;
				CLANG_WARN_INT_CONVERSION = YES;
				CLANG_WARN_NON_LITERAL_NULL_CONVERSION = YES;
				CLANG_WARN_OBJC_IMPLICIT_RETAIN_SELF = YES;
				CLANG_WARN_OBJC_LITERAL_CONVERSION = YES;
				CLANG_WARN_OBJC_ROOT_CLASS = YES_ERROR;
				CLANG_WARN_QUOTED_INCLUDE_IN_FRAMEWORK_HEADER = YES;
				CLANG_WARN_RANGE_LOOP_ANALYSIS = YES;
				CLANG_WARN_STRICT_PROTOTYPES = YES;
				CLANG_WARN_SUSPICIOUS_MOVE = YES;
				CLANG_WARN_UNGUARDED_AVAILABILITY = YES_AGGRESSIVE;
				CLANG_WARN_UNREACHABLE_CODE = YES;
				CLANG_WARN__DUPLICATE_METHOD_MATCH = YES;
				CODE_SIGN_IDENTITY = "-";
				CODE_SIGN_STYLE = Manual;
				COPY_PHASE_STRIP = NO;
				DEBUG_INFORMATION_FORMAT = dwarf;
				ENABLE_HARDENED_RUNTIME = YES;
				ENABLE_STRICT_OBJC_MSGSEND = YES;
				ENABLE_TESTABILITY = YES;
				GCC_C_LANGUAGE_STANDARD = gnu11;
				GCC_DYNAMIC_NO_PIC = NO;
				GCC_NO_COMMON_BLOCKS = YES;
				GCC_OPTIMIZATION_LEVEL = 0;
				GCC_PREPROCESSOR_DEFINITIONS = (
					"$(inherited)",
					"DEBUG=1",
				);
				GCC_WARN_64_TO_32_BIT_CONVERSION = YES;
				GCC_WARN_ABOUT_RETURN_TYPE = YES_ERROR;
				GCC_WARN_UNDECLARED_SELECTOR = YES;
				GCC_WARN_UNINITIALIZED_AUTOS = YES_AGGRESSIVE;
				GCC_WARN_UNUSED_FUNCTION = YES;
				GCC_WARN_UNUSED_VARIABLE = YES;
				MACOSX_DEPLOYMENT_TARGET = 13.0;
				MTL_ENABLE_DEBUG_INFO = INCLUDE_SOURCE;
				MTL_FAST_MATH = YES;
				ONLY_ACTIVE_ARCH = YES;
				PRODUCT_NAME = "$(TARGET_NAME)";
				SDKROOT = macosx;
				SWIFT_ACTIVE_COMPILATION_CONDITIONS = DEBUG;
				SWIFT_OPTIMIZATION_LEVEL = "-Onone";
				SWIFT_VERSION = 5.9;
			};
			name = Debug;
		};
		3DF0AF4976616D090D1EA2C1 /* Release */ = {
			isa = XCBuildConfiguration;
			buildSettings = {
				ALWAYS_SEARCH_USER_PATHS = NO;
				CLANG_ANALYZER_NONNULL = YES;
				CLANG_ANALYZER_NUMBER_OBJECT_CONVERSION = YES_AGGRESSIVE;
				CLANG_CXX_LANGUAGE_STANDARD = "gnu++14";
				CLANG_CXX_LIBRARY = "libc++";
				CLANG_ENABLE_MODULES = YES;
				CLANG_ENABLE_OBJC_ARC = YES;
				CLANG_ENABLE_OBJC_WEAK = YES;
				CLANG_WARN_BLOCK_CAPTURE_AUTORELEASING = YES;
				CLANG_WARN_BOOL_CONVERSION = YES;
				CLANG_WARN_COMMA = YES;
				CLANG_WARN_CONSTANT_CONVERSION = YES;
				CLANG_WARN_DEPRECATED_OBJC_IMPLEMENTATIONS = YES;
				CLANG_WARN_DIRECT_OBJC_ISA_USAGE = YES_ERROR;
				CLANG_WARN_DOCUMENTATION_COMMENTS = YES;
				CLANG_WARN_EMPTY_BODY = YES;
				CLANG_WARN_ENUM_CONVERSION = YES;
				CLANG_WARN_INFINITE_RECURSION = YES;
				CLANG_WARN_INT_CONVERSION = YES;
				CLANG_WARN_NON_LITERAL_NULL_CONVERSION = YES;
				CLANG_WARN_OBJC_IMPLICIT_RETAIN_SELF = YES;
				CLANG_WARN_OBJC_LITERAL_CONVERSION = YES;
				CLANG_WARN_OBJC_ROOT_CLASS = YES_ERROR;
				CLANG_WARN_QUOTED_INCLUDE_IN_FRAMEWORK_HEADER = YES;
				CLANG_WARN_RANGE_LOOP_ANALYSIS = YES;
				CLANG_WARN_STRICT_PROTOTYPES = YES;
				CLANG_WARN_SUSPICIOUS_MOVE = YES;
				CLANG_WARN_UNGUARDED_AVAILABILITY = YES_AGGRESSIVE;
				CLANG_WARN_UNREACHABLE_CODE = YES;
				CLANG_WARN__DUPLICATE_METHOD_MATCH = YES;
				CODE_SIGN_IDENTITY = "-";
				CODE_SIGN_STYLE = Manual;
				COPY_PHASE_STRIP = NO;
				DEBUG_INFORMATION_FORMAT = "dwarf-with-dsym";
				ENABLE_HARDENED_RUNTIME = YES;
				ENABLE_NS_ASSERTIONS = NO;
				ENABLE_STRICT_OBJC_MSGSEND = YES;
				GCC_C_LANGUAGE_STANDARD = gnu11;
				GCC_NO_COMMON_BLOCKS = YES;
				GCC_WARN_64_TO_32_BIT_CONVERSION = YES;
				GCC_WARN_ABOUT_RETURN_TYPE = YES_ERROR;
				GCC_WARN_UNDECLARED_SELECTOR = YES;
				GCC_WARN_UNINITIALIZED_AUTOS = YES_AGGRESSIVE;
				GCC_WARN_UNUSED_FUNCTION = YES;
				GCC_WARN_UNUSED_VARIABLE = YES;
				MACOSX_DEPLOYMENT_TARGET = 13.0;
				MTL_ENABLE_DEBUG_INFO = NO;
				MTL_FAST_MATH = YES;
				PRODUCT_NAME = "$(TARGET_NAME)";
				SDKROOT = macosx;
				SWIFT_COMPILATION_MODE = wholemodule;
				SWIFT_OPTIMIZATION_LEVEL = "-O";
				SWIFT_VERSION = 5.9;
			};
			name = Release;
		};
		53F2C4644D901DDF69DCA2AF /* Debug */ = {
			isa = XCBuildConfiguration;
			buildSettings = {
				ASSETCATALOG_COMPILER_APPICON_NAME = AppIcon;
				CODE_SIGN_ENTITLEMENTS = Chronicle/Chronicle.entitlements;
				COMBINE_HIDPI_IMAGES = YES;
				INFOPLIST_FILE = Chronicle/Info.plist;
				LD_RUNPATH_SEARCH_PATHS = "$(inherited) @executable_path/../Frameworks";
				PRODUCT_BUNDLE_IDENTIFIER = com.chronicle.macos;
				SDKROOT = macosx;
			};
			name = Debug;
		};
		D9F7522069B7874143B03E8E /* Release */ = {
			isa = XCBuildConfiguration;
			buildSettings = {
				ASSETCATALOG_COMPILER_APPICON_NAME = AppIcon;
				CODE_SIGN_ENTITLEMENTS = Chronicle/Chronicle.entitlements;
				COMBINE_HIDPI_IMAGES = YES;
				INFOPLIST_FILE = Chronicle/Info.plist;
				LD_RUNPATH_SEARCH_PATHS = "$(inherited) @executable_path/../Frameworks";
				PRODUCT_BUNDLE_IDENTIFIER = com.chronicle.macos;
				SDKROOT = macosx;
			};
			name = Release;
		};
/* End XCBuildConfiguration section */

/* Begin XCConfigurationList section */
		EA0659AF456C2C634A2EE55C /* Build configuration list for PBXProject "Chronicle" */ = {
			isa = XCConfigurationList;
			buildConfigurations = (
				05E442B95FE242B19F180AE0 /* Debug */,
				3DF0AF4976616D090D1EA2C1 /* Release */,
			);
			defaultConfigurationIsVisible = 0;
			defaultConfigurationName = Debug;
		};
		EF1FB7537C1C33931B3B7AC8 /* Build configuration list for PBXNativeTarget "Chronicle" */ = {
			isa = XCConfigurationList;
			buildConfigurations = (
				53F2C4644D901DDF69DCA2AF /* Debug */,
				D9F7522069B7874143B03E8E /* Release */,
			);
			defaultConfigurationIsVisible = 0;
			defaultConfigurationName = Debug;
		};
/* End XCConfigurationList section */

/* Begin XCRemoteSwiftPackageReference section */
		040D78E2F2C7CC30C035C5B5 /* XCRemoteSwiftPackageReference "SQLite.swift" */ = {
			isa = XCRemoteSwiftPackageReference;
			repositoryURL = "https://github.com/stephencelis/SQLite.swift";
			requirement = {
				kind = exactVersion;
				version = 0.15.3;
			};
		};
/* End XCRemoteSwiftPackageReference section */

/* Begin XCSwiftPackageProductDependency section */
		12728690ECED0F3634019379 /* SQLite */ = {
			isa = XCSwiftPackageProductDependency;
			package = 040D78E2F2C7CC30C035C5B5 /* XCRemoteSwiftPackageReference "SQLite.swift" */;
			productName = SQLite;
		};
/* End XCSwiftPackageProductDependency section */
	};
	rootObject = 54813E9B82975F6CF5A2AE55 /* Project object */;
}
